
Microsoft Visual Studio Solution File, Format Version 12.00
# Visual Studio Version 17
VisualStudioVersion = 17.8.34316.72
MinimumVisualStudioVersion = 10.0.40219.1
Project("{FAE04EC0-301F-11D3-BF4B-00C04F79EFBC}") = "QTKhachSan.Domain", "QTKhachSan.Domain\QTKhachSan.Domain.csproj", "{743C4F59-D8CA-477B-8C09-F2EBEDD92BA4}"
EndProject
Project("{FAE04EC0-301F-11D3-BF4B-00C04F79EFBC}") = "QTKhachSan.Application", "QTKhachSan.Application\QTKhachSan.Application.csproj", "{C55ACDD1-9A65-4BBF-9C9A-0BCD8703ABCC}"
EndProject
Project("{FAE04EC0-301F-11D3-BF4B-00C04F79EFBC}") = "QTKhachSan.BackEnd", "QTKhachSan.BackEnd\QTKhachSan.BackEnd.csproj", "{84F86957-AEFB-4465-90F4-3726460E8293}"
EndProject
Global
	GlobalSection(SolutionConfigurationPlatforms) = preSolution
		Debug|Any CPU = Debug|Any CPU
		Release|Any CPU = Release|Any CPU
	EndGlobalSection
	GlobalSection(ProjectConfigurationPlatforms) = postSolution
		{743C4F59-D8CA-477B-8C09-F2EBEDD92BA4}.Debug|Any CPU.ActiveCfg = Debug|Any CPU
		{743C4F59-D8CA-477B-8C09-F2EBEDD92BA4}.Debug|Any CPU.Build.0 = Debug|Any CPU
		{743C4F59-D8CA-477B-8C09-F2EBEDD92BA4}.Release|Any CPU.ActiveCfg = Release|Any CPU
		{743C4F59-D8CA-477B-8C09-F2EBEDD92BA4}.Release|Any CPU.Build.0 = Release|Any CPU
		{C55ACDD1-9A65-4BBF-9C9A-0BCD8703ABCC}.Debug|Any CPU.ActiveCfg = Debug|Any CPU
		{C55ACDD1-9A65-4BBF-9C9A-0BCD8703ABCC}.Debug|Any CPU.Build.0 = Debug|Any CPU
		{C55ACDD1-9A65-4BBF-9C9A-0BCD8703ABCC}.Release|Any CPU.ActiveCfg = Release|Any CPU
		{C55ACDD1-9A65-4BBF-9C9A-0BCD8703ABCC}.Release|Any CPU.Build.0 = Release|Any CPU
		{84F86957-AEFB-4465-90F4-3726460E8293}.Debug|Any CPU.ActiveCfg = Debug|Any CPU
		{84F86957-AEFB-4465-90F4-3726460E8293}.Debug|Any CPU.Build.0 = Debug|Any CPU
		{84F86957-AEFB-4465-90F4-3726460E8293}.Release|Any CPU.ActiveCfg = Release|Any CPU
		{84F86957-AEFB-4465-90F4-3726460E8293}.Release|Any CPU.Build.0 = Release|Any CPU
	EndGlobalSection
	GlobalSection(SolutionProperties) = preSolution
		HideSolutionNode = FALSE
	EndGlobalSection
	GlobalSection(ExtensibilityGlobals) = postSolution
		SolutionGuid = {623B5F32-2483-47E7-9AC2-000CF39DC638}
	EndGlobalSection
EndGlobal
